
Microsoft Visual Studio Solution File, Format Version 12.00
# Visual Studio 2010
Project("{8BC9CEB8-8B4A-11D0-8D11-00A0C91BC942}") = "execserver", "execserver\execserver.vcxproj", "{22F0FAF0-E2C2-4F7B-9A2C-B2855CCEEAD1}"
EndProject
Project("{8BC9CEB8-8B4A-11D0-8D11-00A0C91BC942}") = "smbexec", "smbexec\smbexec.vcxproj", "{EF0C4078-9952-4F04-B888-53240A3FE82D}"
	ProjectSection(ProjectDependencies) = postProject
		{22F0FAF0-E2C2-4F7B-9A2C-B2855CCEEAD1} = {22F0FAF0-E2C2-4F7B-9A2C-B2855CCEEAD1}
	EndProjectSection
EndProject
Global
	GlobalSection(SolutionConfigurationPlatforms) = preSolution
		Debug|Win32 = Debug|Win32
		Release|Win32 = Release|Win32
	EndGlobalSection
	GlobalSection(ProjectConfigurationPlatforms) = postSolution
		{22F0FAF0-E2C2-4F7B-9A2C-B2855CCEEAD1}.Debug|Win32.ActiveCfg = Debug|Win32
		{22F0FAF0-E2C2-4F7B-9A2C-B2855CCEEAD1}.Debug|Win32.Build.0 = Debug|Win32
		{22F0FAF0-E2C2-4F7B-9A2C-B2855CCEEAD1}.Release|Win32.ActiveCfg = Release|Win32
		{22F0FAF0-E2C2-4F7B-9A2C-B2855CCEEAD1}.Release|Win32.Build.0 = Release|Win32
		{EF0C4078-9952-4F04-B888-53240A3FE82D}.Debug|Win32.ActiveCfg = Debug|Win32
		{EF0C4078-9952-4F04-B888-53240A3FE82D}.Debug|Win32.Build.0 = Debug|Win32
		{EF0C4078-9952-4F04-B888-53240A3FE82D}.Release|Win32.ActiveCfg = Release|Win32
		{EF0C4078-9952-4F04-B888-53240A3FE82D}.Release|Win32.Build.0 = Release|Win32
	EndGlobalSection
	GlobalSection(SolutionProperties) = preSolution
		HideSolutionNode = FALSE
	EndGlobalSection
EndGlobal
